
Microsoft Visual Studio Solution File, Format Version 12.00
# Visual Studio Version 16
VisualStudioVersion = 16.0.31424.327
MinimumVisualStudioVersion = 10.0.40219.1
Project("{FAE04EC0-301F-11D3-BF4B-00C04F79EFBC}") = "APIDEMO", "APIDEMO\APIDEMO.csproj", "{2A2C064C-23C9-4154-954A-FE69C78B5164}"
EndProject
Global
	GlobalSection(SolutionConfigurationPlatforms) = preSolution
		Debug|Any CPU = Debug|Any CPU
		Release|Any CPU = Release|Any CPU
	EndGlobalSection
	GlobalSection(ProjectConfigurationPlatforms) = postSolution
		{2A2C064C-23C9-4154-954A-FE69C78B5164}.Debug|Any CPU.ActiveCfg = Debug|Any CPU
		{2A2C064C-23C9-4154-954A-FE69C78B5164}.Debug|Any CPU.Build.0 = Debug|Any CPU
		{2A2C064C-23C9-4154-954A-FE69C78B5164}.Release|Any CPU.ActiveCfg = Release|Any CPU
		{2A2C064C-23C9-4154-954A-FE69C78B5164}.Release|Any CPU.Build.0 = Release|Any CPU
	EndGlobalSection
	GlobalSection(SolutionProperties) = preSolution
		HideSolutionNode = FALSE
	EndGlobalSection
	GlobalSection(ExtensibilityGlobals) = postSolution
		SolutionGuid = {4087C687-D50C-41DD-BF9F-0F2D9734BF3B}
	EndGlobalSection
EndGlobal
